{
  "nodes": {
    "catppuccin": {
      "inputs": {
        "nixpkgs": [
          "nixpkgs"
        ]
      },
      "locked": {
        "lastModified": 1780143400,
        "narHash": "sha256-jN9RJ4OeuLdCxZ1G0d4zqy0HuHnqODxxgN6pQoYfAH8=",
        "owner": "catppuccin",
        "repo": "nix",
        "rev": "096f4670cf078d810a931fae59b57db4cc3fb4d3",
        "type": "github"
      },
      "original": {
        "owner": "catppuccin",
        "ref": "release-26.05",
        "repo": "nix",
        "type": "github"
      }
    },
    "disko": {
      "inputs": {
        "nixpkgs": [
          "nixpkgs"
        ]
      },
      "locked": {
        "lastModified": 1781152676,
        "narHash": "sha256-RxWs5ND31KzTG7wvMM+PMfUjyNpmIEr999lqNARaM5o=",
        "owner": "nix-community",
        "repo": "disko",
        "rev": "ff8702b4de27f72b4c78573dfb89ec74e36abdf1",
        "type": "github"
      },
      "original": {
        "owner": "nix-community",
        "repo": "disko",
        "type": "github"
      }
    },
    "flake-compat": {
      "flake": false,
      "locked": {
        "lastModified": 1767039857,
        "narHash": "sha256-vNpUSpF5Nuw8xvDLj2KCwwksIbjua2LZCqhV1LNRDns=",
        "owner": "edolstra",
        "repo": "flake-compat",
        "rev": "5edf11c44bc78a0d334f6334cdaf7d60d732daab",
        "type": "github"
      },
      "original": {
        "owner": "edolstra",
        "repo": "flake-compat",
        "type": "github"
      }
    },
    "flake-parts": {
      "inputs": {
        "nixpkgs-lib": [
          "nixpkgs"
        ]
      },
      "locked": {
        "lastModified": 1785627969,
        "narHash": "sha256-4dtXQk/NMePegK/nWp5NSeuZKLATItOq61lpEvmXqGw=",
        "owner": "hercules-ci",
        "repo": "flake-parts",
        "rev": "427bf4bd9435fdf21321c8cc628c24efc14c0f7a",
        "type": "github"
      },
      "original": {
        "owner": "hercules-ci",
        "repo": "flake-parts",
        "type": "github"
      }
    },
    "flake-utils": {
      "inputs": {
        "systems": [
          "mango",
          "scenefx",
          "systems"
        ]
      },
      "locked": {
        "lastModified": 1731533236,
        "narHash": "sha256-l0KFg5HjrsfsO/JpG+r7fRrqm12kzFHyUHqHCVpMMbI=",
        "owner": "numtide",
        "repo": "flake-utils",
        "rev": "11707dc2f618dd54ca8739b309ec4fc024de578b",
        "type": "github"
      },
      "original": {
        "owner": "numtide",
        "repo": "flake-utils",
        "type": "github"
      }
    },
    "freesm": {
      "inputs": {
        "libnbtplusplus": "libnbtplusplus",
        "nix-filter": "nix-filter",
        "nixpkgs": [
          "nixpkgs"
        ]
      },
      "locked": {
        "lastModified": 1786883120,
        "narHash": "sha256-AOZlMfgMaVkKYoeMkf3WfFYoAXWdoGpnumf9T7FmGbM=",
        "owner": "freesmteam",
        "repo": "freesmlauncher",
        "rev": "5114de67ac9703f0f4ebbf373664945a9eb001df",
        "type": "github"
      },
      "original": {
        "owner": "freesmteam",
        "repo": "freesmlauncher",
        "type": "github"
      }
    },
    "hjem": {
      "inputs": {
        "nixpkgs": [
          "nixpkgs"
        ]
      },
      "locked": {
        "lastModified": 1785929776,
        "narHash": "sha256-qwppDYdtxqtDpI1iSp7bs8prOJ0KQSvhJchfROD04f0=",
        "owner": "feel-co",
        "repo": "hjem",
        "rev": "b610953d0c56da6b28fd39c21bd193b88e91341c",
        "type": "github"
      },
      "original": {
        "owner": "feel-co",
        "repo": "hjem",
        "type": "github"
      }
    },
    "impermanence": {
      "inputs": {
        "home-manager": [],
        "nixpkgs": []
      },
      "locked": {
        "lastModified": 1769548169,
        "narHash": "sha256-03+JxvzmfwRu+5JafM0DLbxgHttOQZkUtDWBmeUkN8Y=",
        "owner": "nix-community",
        "repo": "impermanence",
        "rev": "7b1d382faf603b6d264f58627330f9faa5cba149",
        "type": "github"
      },
      "original": {
        "owner": "nix-community",
        "repo": "impermanence",
        "type": "github"
      }
    },
    "libnbtplusplus": {
      "flake": false,
      "locked": {
        "lastModified": 1772016279,
        "narHash": "sha256-7itkptyjoRcXfGLwg1/jxajetZ3a4mDc66+w4X6yW8s=",
        "owner": "FreesmTeam",
        "repo": "libnbtplusplus",
        "rev": "687e43031df0dc641984b4256bcca50d5b3f7de3",
        "type": "github"
      },
      "original": {
        "owner": "FreesmTeam",
        "repo": "libnbtplusplus",
        "type": "github"
      }
    },
    "mango": {
      "inputs": {
        "flake-parts": [
          "flake-parts"
        ],
        "nixpkgs": [
          "nixpkgs"
        ],
        "scenefx": "scenefx"
      },
      "locked": {
        "lastModified": 1786880552,
        "narHash": "sha256-kOH8g7pOD9tx+q6qPMAH6BFiCiuRUC6R4m4+4UCXRhM=",
        "owner": "mangowm",
        "repo": "mango",
        "rev": "c5dd50494a22bde6cd59f583b1aed8daa5cbde7e",
        "type": "github"
      },
      "original": {
        "owner": "mangowm",
        "repo": "mango",
        "type": "github"
      }
    },
    "millennium": {
      "inputs": {
        "millennium-src": "millennium-src",
        "nixpkgs": [
          "nixpkgs"
        ]
      },
      "locked": {
        "dir": "packages/nix",
        "lastModified": 1785812365,
        "narHash": "sha256-mwggrBZuoAnF5WZ1BPckh1Rr2N2IvWVfVbi4MXUvn0g=",
        "owner": "steamclienthomebrew",
        "repo": "millennium",
        "rev": "cc10f1d899a37b17ba87a8a1490ec33e183bb551",
        "type": "github"
      },
      "original": {
        "dir": "packages/nix",
        "owner": "steamclienthomebrew",
        "ref": "next",
        "repo": "millennium",
        "type": "github"
      }
    },
    "millennium-src": {
      "flake": false,
      "locked": {
        "lastModified": 1785812236,
        "narHash": "sha256-LHMtSbam5jfCpj+iNMMqd/ix5ehb3kIir0m0mTJfjP0=",
        "owner": "SteamClientHomebrew",
        "repo": "Millennium",
        "rev": "fd2d56974074af2794d36c2553fbbf9a658ad7bb",
        "type": "github"
      },
      "original": {
        "owner": "SteamClientHomebrew",
        "repo": "Millennium",
        "rev": "fd2d56974074af2794d36c2553fbbf9a658ad7bb",
        "type": "github"
      }
    },
    "nix-filter": {
      "locked": {
        "lastModified": 1757882181,
        "narHash": "sha256-+cCxYIh2UNalTz364p+QYmWHs0P+6wDhiWR4jDIKQIU=",
        "owner": "numtide",
        "repo": "nix-filter",
        "rev": "59c44d1909c72441144b93cf0f054be7fe764de5",
        "type": "github"
      },
      "original": {
        "owner": "numtide",
        "repo": "nix-filter",
        "type": "github"
      }
    },
    "nix-index-database": {
      "inputs": {
        "nixpkgs": [
          "nixpkgs"
        ]
      },
      "locked": {
        "lastModified": 1786852476,
        "narHash": "sha256-IM5CYtf86W4w8eUPpKcY/LpdHElmVBtJhaKnoTKxZEA=",
        "owner": "nix-community",
        "repo": "nix-index-database",
        "rev": "c7962dc97b45129df8d751bedaf37beb5a17706e",
        "type": "github"
      },
      "original": {
        "owner": "nix-community",
        "repo": "nix-index-database",
        "type": "github"
      }
    },
    "nixos-hardware": {
      "inputs": {
        "nixpkgs": [
          "nixpkgs"
        ]
      },
      "locked": {
        "lastModified": 1786867632,
        "narHash": "sha256-ez+ubZlA1RtdjCB18a6zJ9M4u8qoPDy08EcnsW5M3Xw=",
        "owner": "nixos",
        "repo": "nixos-hardware",
        "rev": "ff17823245ab9ff7bcae6acf950bd89cba82c38c",
        "type": "github"
      },
      "original": {
        "owner": "nixos",
        "repo": "nixos-hardware",
        "type": "github"
      }
    },
    "nixpkgs": {
      "locked": {
        "lastModified": 1786711500,
        "narHash": "sha256-mB6w7h+UsvxLf3PY6U3hSDVWCfmn2Q6VtSw5JugbeY0=",
        "rev": "02e08985a27c65ffd33d434eeb2e660a2e4dc84d",
        "type": "tarball",
        "url": "https://releases.nixos.org/nixos/26.05/nixos-26.05.7675.02e08985a27c/nixexprs.tar.xz"
      },
      "original": {
        "type": "tarball",
        "url": "https://channels.nixos.org/nixos-26.05/nixexprs.tar.xz"
      }
    },
    "prince": {
      "inputs": {
        "nixpkgs": [
          "nixpkgs"
        ]
      },
      "locked": {
        "lastModified": 1786866457,
        "narHash": "sha256-e7gy18q98dGytrz0vNPx3pKwwh5boPwTD4mwVlr5YEQ=",
        "owner": "forkprince",
        "repo": "nur-packages",
        "rev": "246363176d293b4945538fe127f73881cf46c3b8",
        "type": "github"
      },
      "original": {
        "owner": "forkprince",
        "repo": "nur-packages",
        "type": "github"
      }
    },
    "root": {
      "inputs": {
        "catppuccin": "catppuccin",
        "disko": "disko",
        "flake-parts": "flake-parts",
        "freesm": "freesm",
        "hjem": "hjem",
        "impermanence": "impermanence",
        "mango": "mango",
        "millennium": "millennium",
        "nix-index-database": "nix-index-database",
        "nixos-hardware": "nixos-hardware",
        "nixpkgs": "nixpkgs",
        "prince": "prince",
        "waybar": "waybar",
        "wrappers": "wrappers",
        "zig": "zig"
      }
    },
    "scenefx": {
      "inputs": {
        "flake-utils": "flake-utils",
        "nixpkgs": [
          "mango",
          "nixpkgs"
        ],
        "systems": "systems"
      },
      "locked": {
        "lastModified": 1782624992,
        "narHash": "sha256-vUjLG6eubEhJJVa9LPygIcVmNoHwYbSUTJcWEcbxnU4=",
        "owner": "wlrfx",
        "repo": "scenefx",
        "rev": "37ccd723bef49e6891156ffafce8f549f01446cc",
        "type": "github"
      },
      "original": {
        "owner": "wlrfx",
        "repo": "scenefx",
        "type": "github"
      }
    },
    "systems": {
      "locked": {
        "lastModified": 1689347949,
        "narHash": "sha256-12tWmuL2zgBgZkdoB6qXZsgJEH9LR3oUgpaQq2RbI80=",
        "owner": "nix-systems",
        "repo": "default-linux",
        "rev": "31732fcf5e8fea42e59c2488ad31a0e651500f68",
        "type": "github"
      },
      "original": {
        "owner": "nix-systems",
        "repo": "default-linux",
        "type": "github"
      }
    },
    "waybar": {
      "inputs": {
        "flake-compat": "flake-compat",
        "nixpkgs": [
          "nixpkgs"
        ]
      },
      "locked": {
        "lastModified": 1785791220,
        "narHash": "sha256-POvwObPOp6O14n6KYWNLp2Y3paunA5f8U1NCaodNFcc=",
        "owner": "alexays",
        "repo": "waybar",
        "rev": "084d87401d0a91182c16aa7e5f674a7dde767185",
        "type": "github"
      },
      "original": {
        "owner": "alexays",
        "repo": "waybar",
        "rev": "084d87401d0a91182c16aa7e5f674a7dde767185",
        "type": "github"
      }
    },
    "wrappers": {
      "inputs": {
        "nixpkgs": [
          "nixpkgs"
        ]
      },
      "locked": {
        "lastModified": 1786836119,
        "narHash": "sha256-oXGC2aM3Bh0MidmPwp/3XtNk69Bgni+WzN9iRhhg+HA=",
        "owner": "birdeehub",
        "repo": "nix-wrapper-modules",
        "rev": "747261641d825be8d97abf755399b24057140ab6",
        "type": "github"
      },
      "original": {
        "owner": "birdeehub",
        "repo": "nix-wrapper-modules",
        "type": "github"
      }
    },
    "zig": {
      "inputs": {
        "nixpkgs": [
          "nixpkgs"
        ]
      },
      "locked": {
        "lastModified": 1786880095,
        "narHash": "sha256-bnaloJhILr14Z+ME32ktJXM6m+N/5++vT4+f7iAcSLA=",
        "owner": "silversquirl",
        "repo": "zig-flake",
        "rev": "ac726cff64c2d90e9bba1f576374119a20fc18e7",
        "type": "github"
      },
      "original": {
        "owner": "silversquirl",
        "repo": "zig-flake",
        "type": "github"
      }
    }
  },
  "root": "root",
  "version": 7
}
